{
  "nodes": {
    "nixpkgs": {
      "locked": {
        "lastModified": 1720181791,
        "narHash": "sha256-i4vJL12/AdyuQuviMMd1Hk2tsGt02hDNhA0Zj1m16N8=",
        "path": "/nix/store/g2ysyzdx76m4z7lnmyddcwdz25lx7kn1-source",
        "rev": "4284c2b73c8bce4b46a6adf23e16d9e2ec8da4bb",
        "type": "path"
      },
      "original": {
        "id": "nixpkgs",
        "type": "indirect"
      }
    },
    "root": {
      "inputs": {
        "nixpkgs": "nixpkgs"
      }
    }
  },
  "root": "root",
  "version": 7
}
